
Microsoft Visual Studio Solution File, Format Version 12.00
# Visual Studio 2013
VisualStudioVersion = 12.0.21005.1
MinimumVisualStudioVersion = 10.0.40219.1
Project("{8BC9CEB8-8B4A-11D0-8D11-00A0C91BC942}") = "Cat", "Cat\Cat.vcxproj", "{EF6802F7-25AB-4EE6-AF39-C70D187301A2}"
	ProjectSection(ProjectDependencies) = postProject
		{A354D5D4-9E3E-4298-B312-2025895806E4} = {A354D5D4-9E3E-4298-B312-2025895806E4}
	EndProjectSection
EndProject
Project("{8BC9CEB8-8B4A-11D0-8D11-00A0C91BC942}") = "WorkSpace", "WorkSpace\WorkSpace.vcxproj", "{A354D5D4-9E3E-4298-B312-2025895806E4}"
EndProject
Project("{8BC9CEB8-8B4A-11D0-8D11-00A0C91BC942}") = "UnitTest", "UnitTest\UnitTest.vcxproj", "{D0A2F3D2-0BB1-451F-82E6-564DF28A91A9}"
	ProjectSection(ProjectDependencies) = postProject
		{A354D5D4-9E3E-4298-B312-2025895806E4} = {A354D5D4-9E3E-4298-B312-2025895806E4}
	EndProjectSection
EndProject
Global
	GlobalSection(SolutionConfigurationPlatforms) = preSolution
		Debug|Win32 = Debug|Win32
		Debug|x64 = Debug|x64
		Release|Win32 = Release|Win32
		Release|x64 = Release|x64
	EndGlobalSection
	GlobalSection(ProjectConfigurationPlatforms) = postSolution
		{EF6802F7-25AB-4EE6-AF39-C70D187301A2}.Debug|Win32.ActiveCfg = Debug|Win32
		{EF6802F7-25AB-4EE6-AF39-C70D187301A2}.Debug|Win32.Build.0 = Debug|Win32
		{EF6802F7-25AB-4EE6-AF39-C70D187301A2}.Debug|x64.ActiveCfg = Debug|Win32
		{EF6802F7-25AB-4EE6-AF39-C70D187301A2}.Release|Win32.ActiveCfg = Release|Win32
		{EF6802F7-25AB-4EE6-AF39-C70D187301A2}.Release|Win32.Build.0 = Release|Win32
		{EF6802F7-25AB-4EE6-AF39-C70D187301A2}.Release|x64.ActiveCfg = Release|Win32
		{A354D5D4-9E3E-4298-B312-2025895806E4}.Debug|Win32.ActiveCfg = Debug|Win32
		{A354D5D4-9E3E-4298-B312-2025895806E4}.Debug|Win32.Build.0 = Debug|Win32
		{A354D5D4-9E3E-4298-B312-2025895806E4}.Debug|x64.ActiveCfg = Debug|x64
		{A354D5D4-9E3E-4298-B312-2025895806E4}.Debug|x64.Build.0 = Debug|x64
		{A354D5D4-9E3E-4298-B312-2025895806E4}.Release|Win32.ActiveCfg = Release|Win32
		{A354D5D4-9E3E-4298-B312-2025895806E4}.Release|Win32.Build.0 = Release|Win32
		{A354D5D4-9E3E-4298-B312-2025895806E4}.Release|x64.ActiveCfg = Release|x64
		{A354D5D4-9E3E-4298-B312-2025895806E4}.Release|x64.Build.0 = Release|x64
		{D0A2F3D2-0BB1-451F-82E6-564DF28A91A9}.Debug|Win32.ActiveCfg = Debug|Win32
		{D0A2F3D2-0BB1-451F-82E6-564DF28A91A9}.Debug|Win32.Build.0 = Debug|Win32
		{D0A2F3D2-0BB1-451F-82E6-564DF28A91A9}.Debug|x64.ActiveCfg = Debug|Win32
		{D0A2F3D2-0BB1-451F-82E6-564DF28A91A9}.Release|Win32.ActiveCfg = Release|Win32
		{D0A2F3D2-0BB1-451F-82E6-564DF28A91A9}.Release|Win32.Build.0 = Release|Win32
		{D0A2F3D2-0BB1-451F-82E6-564DF28A91A9}.Release|x64.ActiveCfg = Release|Win32
	EndGlobalSection
	GlobalSection(SolutionProperties) = preSolution
		HideSolutionNode = FALSE
	EndGlobalSection
EndGlobal
