<?xml version="1.0" encoding="utf-8"?>
<Project ToolsVersion="4.0" xmlns="http://schemas.microsoft.com/developer/msbuild/2003">
  <ItemGroup>
    <Filter Include="Source">
      <UniqueIdentifier>{4FC737F1-C7A5-4376-A066-2A32D752A2FF}</UniqueIdentifier>
      <Extensions>cpp;c;cc;cxx;def;odl;idl;hpj;bat;asm;asmx</Extensions>
    </Filter>
    <Filter Include="Include">
      <UniqueIdentifier>{93995380-89BD-4b04-88EB-625FBE52EBFB}</UniqueIdentifier>
      <Extensions>h;hh;hpp;hxx;hm;inl;inc;xsd</Extensions>
    </Filter>
  </ItemGroup>
  <ItemGroup>
    <ClInclude Include="Include\WinLibPrivate.h">
      <Filter>Include</Filter>
    </ClInclude>
    <ClInclude Include="Include\WinLib.h">
      <Filter>Include</Filter>
    </ClInclude>
  </ItemGroup>
  <ItemGroup>
    <ClCompile Include="Source\wlEvent.cpp">
      <Filter>Source</Filter>
    </ClCompile>
    <ClCompile Include="Source\wlFileHelper.cpp">
      <Filter>Source</Filter>
    </ClCompile>
    <ClCompile Include="Source\wlGDIBitmap.cpp">
      <Filter>Source</Filter>
    </ClCompile>
    <ClCompile Include="Source\wlGDIDC.cpp">
      <Filter>Source</Filter>
    </ClCompile>
    <ClCompile Include="Source\wlGDIPImage.cpp">
      <Filter>Source</Filter>
    </ClCompile>
    <ClCompile Include="Source\wlGDIPStartup.cpp">
      <Filter>Source</Filter>
    </ClCompile>
    <ClCompile Include="Source\wlGDIPWindow.cpp">
      <Filter>Source</Filter>
    </ClCompile>
    <ClCompile Include="Source\wlLog.cpp">
      <Filter>Source</Filter>
    </ClCompile>
    <ClCompile Include="Source\wlModule.cpp">
      <Filter>Source</Filter>
    </ClCompile>
    <ClCompile Include="Source\wlMutex.cpp">
      <Filter>Source</Filter>
    </ClCompile>
    <ClCompile Include="Source\wlPathHelper.cpp">
      <Filter>Source</Filter>
    </ClCompile>
    <ClCompile Include="Source\wlNonCopyable.cpp">
      <Filter>Source</Filter>
    </ClCompile>
    <ClCompile Include="Source\wlProcess.cpp">
      <Filter>Source</Filter>
    </ClCompile>
    <ClCompile Include="Source\wlProcessEnumCallbackWarpper.cpp">
      <Filter>Source</Filter>
    </ClCompile>
    <ClCompile Include="Source\wlProcessHelper.cpp">
      <Filter>Source</Filter>
    </ClCompile>
    <ClCompile Include="Source\wlSingleAppInstance.cpp">
      <Filter>Source</Filter>
    </ClCompile>
    <ClCompile Include="Source\wlStringHelper.cpp">
      <Filter>Source</Filter>
    </ClCompile>
    <ClCompile Include="Source\wlThread.cpp">
      <Filter>Source</Filter>
    </ClCompile>
  </ItemGroup>
</Project>