<?xml version="1.0" encoding="utf-8"?>
<Project ToolsVersion="4.0" xmlns="http://schemas.microsoft.com/developer/msbuild/2003">
  <ItemGroup>
    <Filter Include="Source">
      <UniqueIdentifier>{4FC737F1-C7A5-4376-A066-2A32D752A2FF}</UniqueIdentifier>
      <Extensions>cpp;c;cc;cxx;def;odl;idl;hpj;bat;asm;asmx</Extensions>
    </Filter>
    <Filter Include="Include">
      <UniqueIdentifier>{93995380-89BD-4b04-88EB-625FBE52EBFB}</UniqueIdentifier>
      <Extensions>h;hh;hpp;hxx;hm;inl;inc;xsd</Extensions>
    </Filter>
  </ItemGroup>
  <ItemGroup>
    <ClInclude Include="Include\WinLibPrivate.h">
      <Filter>Include</Filter>
    </ClInclude>
    <ClInclude Include="Include\WinLib.h">
      <Filter>Include</Filter>
    </ClInclude>
  </ItemGroup>
  <ItemGroup>
    <ClCompile Include="Source\Thread.cpp">
      <Filter>Source</Filter>
    </ClCompile>
    <ClCompile Include="Source\NonCopyable.cpp">
      <Filter>Source</Filter>
    </ClCompile>
    <ClCompile Include="Source\Mutex.cpp">
      <Filter>Source</Filter>
    </ClCompile>
    <ClCompile Include="Source\Process.cpp">
      <Filter>Source</Filter>
    </ClCompile>
    <ClCompile Include="Source\ProcessHelper.cpp">
      <Filter>Source</Filter>
    </ClCompile>
    <ClCompile Include="Source\Module.cpp">
      <Filter>Source</Filter>
    </ClCompile>
    <ClCompile Include="Source\StringHelper.cpp">
      <Filter>Source</Filter>
    </ClCompile>
    <ClCompile Include="Source\ProcessEnumCallbackWarpper.cpp">
      <Filter>Source</Filter>
    </ClCompile>
    <ClCompile Include="Source\Event.cpp">
      <Filter>Source</Filter>
    </ClCompile>
    <ClCompile Include="Source\SingleAppInstance.cpp">
      <Filter>Source</Filter>
    </ClCompile>
    <ClCompile Include="Source\PathHelper.cpp">
      <Filter>Source</Filter>
    </ClCompile>
    <ClCompile Include="Source\FileHelper.cpp">
      <Filter>Source</Filter>
    </ClCompile>
    <ClCompile Include="Source\GDIPWindow.cpp">
      <Filter>Source</Filter>
    </ClCompile>
    <ClCompile Include="Source\GDIDC.cpp">
      <Filter>Source</Filter>
    </ClCompile>
    <ClCompile Include="Source\GDIBitmap.cpp">
      <Filter>Source</Filter>
    </ClCompile>
    <ClCompile Include="Source\GDIPStartup.cpp">
      <Filter>Source</Filter>
    </ClCompile>
    <ClCompile Include="Source\GDIPImage.cpp">
      <Filter>Source</Filter>
    </ClCompile>
    <ClCompile Include="Source\Log.cpp">
      <Filter>Source</Filter>
    </ClCompile>
  </ItemGroup>
</Project>