<?xml version="1.0" encoding="utf-8"?>
<Project ToolsVersion="4.0" xmlns="http://schemas.microsoft.com/developer/msbuild/2003">
  <ItemGroup>
    <Filter Include="Include">
      <UniqueIdentifier>{93995380-89BD-4b04-88EB-625FBE52EBFB}</UniqueIdentifier>
      <Extensions>h;hh;hpp;hxx;hm;inl;inc;xsd</Extensions>
    </Filter>
    <Filter Include="Source">
      <UniqueIdentifier>{4FC737F1-C7A5-4376-A066-2A32D752A2FF}</UniqueIdentifier>
      <Extensions>cpp;c;cc;cxx;def;odl;idl;hpj;bat;asm;asmx</Extensions>
    </Filter>
    <Filter Include="Resource">
      <UniqueIdentifier>{67DA6AB6-F800-4c08-8B7A-83BB121AAD01}</UniqueIdentifier>
      <Extensions>rc;ico;cur;bmp;dlg;rc2;rct;bin;rgs;gif;jpg;jpeg;jpe;resx;tiff;tif;png;wav;mfcribbon-ms</Extensions>
    </Filter>
    <Filter Include="Common">
      <UniqueIdentifier>{918b1d58-bcc9-4ada-a2c7-6a1da27953cf}</UniqueIdentifier>
    </Filter>
    <Filter Include="RemoteControl">
      <UniqueIdentifier>{109fed87-5a7b-4743-aac2-41eadac1d66d}</UniqueIdentifier>
    </Filter>
    <Filter Include="ProcessCleanup">
      <UniqueIdentifier>{a474ca45-3c65-405b-a853-ec88c08b0432}</UniqueIdentifier>
    </Filter>
    <Filter Include="GDIPlus">
      <UniqueIdentifier>{7bb9fc0f-d743-4cfc-8a66-f13b3901b6d2}</UniqueIdentifier>
    </Filter>
  </ItemGroup>
  <ItemGroup>
    <ClInclude Include="stdafx.h">
      <Filter>Include</Filter>
    </ClInclude>
    <ClInclude Include="targetver.h">
      <Filter>Include</Filter>
    </ClInclude>
    <ClInclude Include="Resource.h">
      <Filter>Include</Filter>
    </ClInclude>
    <ClInclude Include="CCatApp.h">
      <Filter>Include</Filter>
    </ClInclude>
    <ClInclude Include="Common\CMemoryReader.h">
      <Filter>Common</Filter>
    </ClInclude>
    <ClInclude Include="RemoteControl\CRemoteControlClient.h">
      <Filter>RemoteControl</Filter>
    </ClInclude>
    <ClInclude Include="RemoteControl\CRemoteControlServer.h">
      <Filter>RemoteControl</Filter>
    </ClInclude>
    <ClInclude Include="RemoteControl\RemoteControlCommon.h">
      <Filter>RemoteControl</Filter>
    </ClInclude>
    <ClInclude Include="Common\CMemoryWriter.h">
      <Filter>Common</Filter>
    </ClInclude>
    <ClInclude Include="ProcessCleanup\CProcessCleanup.h">
      <Filter>ProcessCleanup</Filter>
    </ClInclude>
    <ClInclude Include="ProcessCleanup\CProcessCleanupConfigFile.h">
      <Filter>ProcessCleanup</Filter>
    </ClInclude>
    <ClInclude Include="GDIPlus\CGDIPStartup.h">
      <Filter>GDIPlus</Filter>
    </ClInclude>
  </ItemGroup>
  <ItemGroup>
    <ClCompile Include="stdafx.cpp">
      <Filter>Source</Filter>
    </ClCompile>
    <ClCompile Include="CCatApp.cpp">
      <Filter>Source</Filter>
    </ClCompile>
    <ClCompile Include="CMainDlg.cpp">
      <Filter>Source</Filter>
    </ClCompile>
    <ClCompile Include="Common\CMemoryReader.cpp">
      <Filter>Common</Filter>
    </ClCompile>
    <ClCompile Include="RemoteControl\CRemoteControlClient.cpp">
      <Filter>RemoteControl</Filter>
    </ClCompile>
    <ClCompile Include="RemoteControl\CRemoteControlServer.cpp">
      <Filter>RemoteControl</Filter>
    </ClCompile>
    <ClCompile Include="RemoteControl\RemoteControlCommon.cpp">
      <Filter>RemoteControl</Filter>
    </ClCompile>
    <ClCompile Include="Common\CMemoryWriter.cpp">
      <Filter>Common</Filter>
    </ClCompile>
    <ClCompile Include="ProcessCleanup\CProcessCleanup.cpp">
      <Filter>ProcessCleanup</Filter>
    </ClCompile>
    <ClCompile Include="ProcessCleanup\CProcessCleanupConfigFile.cpp">
      <Filter>ProcessCleanup</Filter>
    </ClCompile>
    <ClCompile Include="GDIPlus\CGDIPStartup.cpp">
      <Filter>GDIPlus</Filter>
    </ClCompile>
  </ItemGroup>
  <ItemGroup>
    <ResourceCompile Include="Cat.rc">
      <Filter>Resource</Filter>
    </ResourceCompile>
  </ItemGroup>
  <ItemGroup>
    <None Include="res\Cat.rc2">
      <Filter>Resource</Filter>
    </None>
  </ItemGroup>
  <ItemGroup>
    <Image Include="res\Cat.ico">
      <Filter>Resource</Filter>
    </Image>
  </ItemGroup>
  <ItemGroup>
    <Text Include="History.txt" />
  </ItemGroup>
</Project>