<?xml version="1.0" encoding="utf-8"?>
<Project ToolsVersion="4.0" xmlns="http://schemas.microsoft.com/developer/msbuild/2003">
  <ItemGroup>
    <Filter Include="Source">
      <UniqueIdentifier>{4FC737F1-C7A5-4376-A066-2A32D752A2FF}</UniqueIdentifier>
      <Extensions>cpp;c;cc;cxx;def;odl;idl;hpj;bat;asm;asmx</Extensions>
    </Filter>
    <Filter Include="Include">
      <UniqueIdentifier>{93995380-89BD-4b04-88EB-625FBE52EBFB}</UniqueIdentifier>
      <Extensions>h;hh;hpp;hxx;hm;inl;inc;xsd</Extensions>
    </Filter>
  </ItemGroup>
  <ItemGroup>
    <ClInclude Include="Include\Private.h">
      <Filter>Include</Filter>
    </ClInclude>
    <ClInclude Include="TurboLib.h" />
    <ClInclude Include="Include\CompileConfig.h">
      <Filter>Include</Filter>
    </ClInclude>
    <ClInclude Include="Include\D3D9Common.h">
      <Filter>Include</Filter>
    </ClInclude>
    <ClInclude Include="Include\DS8Common.h">
      <Filter>Include</Filter>
    </ClInclude>
    <ClInclude Include="Include\WaveReader.h">
      <Filter>Include</Filter>
    </ClInclude>
  </ItemGroup>
  <ItemGroup>
    <ClCompile Include="Source\Array.cpp">
      <Filter>Source</Filter>
    </ClCompile>
    <ClCompile Include="Source\CmdLine.cpp">
      <Filter>Source</Filter>
    </ClCompile>
    <ClCompile Include="Source\Color.cpp">
      <Filter>Source</Filter>
    </ClCompile>
    <ClCompile Include="Source\D3D9BatchGraph.cpp">
      <Filter>Source</Filter>
    </ClCompile>
    <ClCompile Include="Source\D3D9Common.cpp">
      <Filter>Source</Filter>
    </ClCompile>
    <ClCompile Include="Source\D3D9Font.cpp">
      <Filter>Source</Filter>
    </ClCompile>
    <ClCompile Include="Source\D3D9Graph.cpp">
      <Filter>Source</Filter>
    </ClCompile>
    <ClCompile Include="Source\D3D9PaintDevice.cpp">
      <Filter>Source</Filter>
    </ClCompile>
    <ClCompile Include="Source\D3D9Texture.cpp">
      <Filter>Source</Filter>
    </ClCompile>
    <ClCompile Include="Source\D3D9VertexBuffer.cpp">
      <Filter>Source</Filter>
    </ClCompile>
    <ClCompile Include="Source\Dictionary.cpp">
      <Filter>Source</Filter>
    </ClCompile>
    <ClCompile Include="Source\Directory.cpp">
      <Filter>Source</Filter>
    </ClCompile>
    <ClCompile Include="Source\DS8Common.cpp">
      <Filter>Source</Filter>
    </ClCompile>
    <ClCompile Include="Source\DS8SoundBuffer.cpp">
      <Filter>Source</Filter>
    </ClCompile>
    <ClCompile Include="Source\DS8SoundDevice.cpp">
      <Filter>Source</Filter>
    </ClCompile>
    <ClCompile Include="Source\Event.cpp">
      <Filter>Source</Filter>
    </ClCompile>
    <ClCompile Include="Source\File.cpp">
      <Filter>Source</Filter>
    </ClCompile>
    <ClCompile Include="Source\FilePath.cpp">
      <Filter>Source</Filter>
    </ClCompile>
    <ClCompile Include="Source\FileSystem.cpp">
      <Filter>Source</Filter>
    </ClCompile>
    <ClCompile Include="Source\Hardware.cpp">
      <Filter>Source</Filter>
    </ClCompile>
    <ClCompile Include="Source\Hash.cpp">
      <Filter>Source</Filter>
    </ClCompile>
    <ClCompile Include="Source\IniFile.cpp">
      <Filter>Source</Filter>
    </ClCompile>
    <ClCompile Include="Source\List.cpp">
      <Filter>Source</Filter>
    </ClCompile>
    <ClCompile Include="Source\Log.cpp">
      <Filter>Source</Filter>
    </ClCompile>
    <ClCompile Include="Source\Math.cpp">
      <Filter>Source</Filter>
    </ClCompile>
    <ClCompile Include="Source\Memory.cpp">
      <Filter>Source</Filter>
    </ClCompile>
    <ClCompile Include="Source\Module.cpp">
      <Filter>Source</Filter>
    </ClCompile>
    <ClCompile Include="Source\Mutex.cpp">
      <Filter>Source</Filter>
    </ClCompile>
    <ClCompile Include="Source\Net.cpp">
      <Filter>Source</Filter>
    </ClCompile>
    <ClCompile Include="Source\OSInfo.cpp">
      <Filter>Source</Filter>
    </ClCompile>
    <ClCompile Include="Source\Page.cpp">
      <Filter>Source</Filter>
    </ClCompile>
    <ClCompile Include="Source\Process.cpp">
      <Filter>Source</Filter>
    </ClCompile>
    <ClCompile Include="Source\Resource.cpp">
      <Filter>Source</Filter>
    </ClCompile>
    <ClCompile Include="Source\ShareMemory.cpp">
      <Filter>Source</Filter>
    </ClCompile>
    <ClCompile Include="Source\String.cpp">
      <Filter>Source</Filter>
    </ClCompile>
    <ClCompile Include="Source\Thread.cpp">
      <Filter>Source</Filter>
    </ClCompile>
    <ClCompile Include="Source\WaveReader.cpp">
      <Filter>Source</Filter>
    </ClCompile>
    <ClCompile Include="Source\Window.cpp">
      <Filter>Source</Filter>
    </ClCompile>
    <ClCompile Include="Source\Path.cpp">
      <Filter>Source</Filter>
    </ClCompile>
  </ItemGroup>
  <ItemGroup>
    <Text Include="History.txt" />
  </ItemGroup>
</Project>