<?xml version="1.0" encoding="utf-8"?>
<Project ToolsVersion="4.0" xmlns="http://schemas.microsoft.com/developer/msbuild/2003">
  <ItemGroup>
    <Filter Include="Include">
      <UniqueIdentifier>{93995380-89BD-4b04-88EB-625FBE52EBFB}</UniqueIdentifier>
      <Extensions>h;hh;hpp;hxx;hm;inl;inc;xsd</Extensions>
    </Filter>
    <Filter Include="WinLibSource">
      <UniqueIdentifier>{4FC737F1-C7A5-4376-A066-2A32D752A2FF}</UniqueIdentifier>
      <Extensions>cpp;c;cc;cxx;def;odl;idl;hpj;bat;asm;asmx</Extensions>
    </Filter>
    <Filter Include="GameLibSource">
      <UniqueIdentifier>{b05f0f47-37ca-43a6-986a-3cbb661b3d2d}</UniqueIdentifier>
    </Filter>
  </ItemGroup>
  <ItemGroup>
    <ClInclude Include="WinLib.h" />
    <ClInclude Include="Include\WinLibPrivate.h">
      <Filter>Include</Filter>
    </ClInclude>
    <ClInclude Include="GameLib.h" />
    <ClInclude Include="GameLibTemplate.h" />
    <ClInclude Include="Include\GameLibPrivate.h">
      <Filter>Include</Filter>
    </ClInclude>
  </ItemGroup>
  <ItemGroup>
    <ClCompile Include="WinLibSource\wlGDIPStartup.cpp">
      <Filter>WinLibSource</Filter>
    </ClCompile>
    <ClCompile Include="WinLibSource\wlGDIPWindow.cpp">
      <Filter>WinLibSource</Filter>
    </ClCompile>
    <ClCompile Include="WinLibSource\wlProcess.cpp">
      <Filter>WinLibSource</Filter>
    </ClCompile>
    <ClCompile Include="WinLibSource\wlProcessEnumCallbackWarpper.cpp">
      <Filter>WinLibSource</Filter>
    </ClCompile>
    <ClCompile Include="WinLibSource\wlProcessHelper.cpp">
      <Filter>WinLibSource</Filter>
    </ClCompile>
    <ClCompile Include="WinLibSource\wlGDIBitmap.cpp">
      <Filter>WinLibSource</Filter>
    </ClCompile>
    <ClCompile Include="WinLibSource\wlGDIDC.cpp">
      <Filter>WinLibSource</Filter>
    </ClCompile>
    <ClCompile Include="WinLibSource\wlGDIPImage.cpp">
      <Filter>WinLibSource</Filter>
    </ClCompile>
    <ClCompile Include="GameLibSource\glBatchPrimitive.cpp">
      <Filter>GameLibSource</Filter>
    </ClCompile>
    <ClCompile Include="GameLibSource\glBatchSprite.cpp">
      <Filter>GameLibSource</Filter>
    </ClCompile>
    <ClCompile Include="GameLibSource\glEngine.cpp">
      <Filter>GameLibSource</Filter>
    </ClCompile>
    <ClCompile Include="GameLibSource\glFile.cpp">
      <Filter>GameLibSource</Filter>
    </ClCompile>
    <ClCompile Include="GameLibSource\glFont.cpp">
      <Filter>GameLibSource</Filter>
    </ClCompile>
    <ClCompile Include="GameLibSource\glGameState.cpp">
      <Filter>GameLibSource</Filter>
    </ClCompile>
    <ClCompile Include="GameLibSource\glGlobalData.cpp">
      <Filter>GameLibSource</Filter>
    </ClCompile>
    <ClCompile Include="GameLibSource\glInputHandler.cpp">
      <Filter>GameLibSource</Filter>
    </ClCompile>
    <ClCompile Include="GameLibSource\glModule.cpp">
      <Filter>GameLibSource</Filter>
    </ClCompile>
    <ClCompile Include="GameLibSource\glNonCopyable.cpp">
      <Filter>GameLibSource</Filter>
    </ClCompile>
    <ClCompile Include="GameLibSource\glPaintObject.cpp">
      <Filter>GameLibSource</Filter>
    </ClCompile>
    <ClCompile Include="GameLibSource\glPerformanceCounter.cpp">
      <Filter>GameLibSource</Filter>
    </ClCompile>
    <ClCompile Include="GameLibSource\glRefCounter.cpp">
      <Filter>GameLibSource</Filter>
    </ClCompile>
    <ClCompile Include="GameLibSource\glSound.cpp">
      <Filter>GameLibSource</Filter>
    </ClCompile>
    <ClCompile Include="GameLibSource\glSoundDevice.cpp">
      <Filter>GameLibSource</Filter>
    </ClCompile>
    <ClCompile Include="GameLibSource\glSprite.cpp">
      <Filter>GameLibSource</Filter>
    </ClCompile>
    <ClCompile Include="GameLibSource\glTexture.cpp">
      <Filter>GameLibSource</Filter>
    </ClCompile>
    <ClCompile Include="GameLibSource\glVertexBuffer.cpp">
      <Filter>GameLibSource</Filter>
    </ClCompile>
    <ClCompile Include="GameLibSource\glVideoDevice.cpp">
      <Filter>GameLibSource</Filter>
    </ClCompile>
    <ClCompile Include="GameLibSource\glWaveReader.cpp">
      <Filter>GameLibSource</Filter>
    </ClCompile>
    <ClCompile Include="GameLibSource\glWindow.cpp">
      <Filter>GameLibSource</Filter>
    </ClCompile>
    <ClCompile Include="WinLibSource\wlModuleEnumCallbackWarpper.cpp">
      <Filter>WinLibSource</Filter>
    </ClCompile>
    <ClCompile Include="GameLibSource\glStringHelper.cpp">
      <Filter>GameLibSource</Filter>
    </ClCompile>
    <ClCompile Include="GameLibSource\glLog.cpp">
      <Filter>GameLibSource</Filter>
    </ClCompile>
    <ClCompile Include="GameLibSource\glMutex.cpp">
      <Filter>GameLibSource</Filter>
    </ClCompile>
    <ClCompile Include="GameLibSource\glEvent.cpp">
      <Filter>GameLibSource</Filter>
    </ClCompile>
    <ClCompile Include="GameLibSource\glThread.cpp">
      <Filter>GameLibSource</Filter>
    </ClCompile>
    <ClCompile Include="GameLibSource\glSingleAppInstance.cpp">
      <Filter>GameLibSource</Filter>
    </ClCompile>
    <ClCompile Include="GameLibSource\glPathHelper.cpp">
      <Filter>GameLibSource</Filter>
    </ClCompile>
    <ClCompile Include="GameLibSource\glFileHelper.cpp">
      <Filter>GameLibSource</Filter>
    </ClCompile>
    <ClCompile Include="GameLibSource\glAsyncTaskQueue.cpp">
      <Filter>GameLibSource</Filter>
    </ClCompile>
    <ClCompile Include="GameLibSource\glNetDevice.cpp">
      <Filter>GameLibSource</Filter>
    </ClCompile>
    <ClCompile Include="GameLibSource\glException.cpp">
      <Filter>GameLibSource</Filter>
    </ClCompile>
    <ClCompile Include="GameLibSource\glAsyncTaskCompleteCallbackResourcePool.cpp">
      <Filter>GameLibSource</Filter>
    </ClCompile>
    <ClCompile Include="GameLibSource\glWaitableTimer.cpp">
      <Filter>GameLibSource</Filter>
    </ClCompile>
    <ClCompile Include="GameLibSource\glTimerSystem.cpp">
      <Filter>GameLibSource</Filter>
    </ClCompile>
    <ClCompile Include="GameLibSource\glTimer.cpp">
      <Filter>GameLibSource</Filter>
    </ClCompile>
  </ItemGroup>
</Project>